
Microsoft Visual Studio Solution File, Format Version 12.00
# Visual Studio 15
VisualStudioVersion = 15.0.27004.2005
MinimumVisualStudioVersion = 10.0.40219.1
Project("{8BC9CEB8-8B4A-11D0-8D11-00A0C91BC942}") = "S10179233_S10177516_rp", "S10179233_S10177516_rp\S10179233_S10177516_rp.vcxproj", "{C08639E1-8843-4349-BDE4-94C5771C9880}"
EndProject
Global
	GlobalSection(SolutionConfigurationPlatforms) = preSolution
		Debug|x64 = Debug|x64
		Debug|x86 = Debug|x86
		Release|x64 = Release|x64
		Release|x86 = Release|x86
	EndGlobalSection
	GlobalSection(ProjectConfigurationPlatforms) = postSolution
		{C08639E1-8843-4349-BDE4-94C5771C9880}.Debug|x64.ActiveCfg = Debug|x64
		{C08639E1-8843-4349-BDE4-94C5771C9880}.Debug|x64.Build.0 = Debug|x64
		{C08639E1-8843-4349-BDE4-94C5771C9880}.Debug|x86.ActiveCfg = Debug|Win32
		{C08639E1-8843-4349-BDE4-94C5771C9880}.Debug|x86.Build.0 = Debug|Win32
		{C08639E1-8843-4349-BDE4-94C5771C9880}.Release|x64.ActiveCfg = Release|x64
		{C08639E1-8843-4349-BDE4-94C5771C9880}.Release|x64.Build.0 = Release|x64
		{C08639E1-8843-4349-BDE4-94C5771C9880}.Release|x86.ActiveCfg = Release|Win32
		{C08639E1-8843-4349-BDE4-94C5771C9880}.Release|x86.Build.0 = Release|Win32
	EndGlobalSection
	GlobalSection(SolutionProperties) = preSolution
		HideSolutionNode = FALSE
	EndGlobalSection
	GlobalSection(ExtensibilityGlobals) = postSolution
		SolutionGuid = {0E438BFB-0370-42FA-97C5-0203C30224EC}
	EndGlobalSection
EndGlobal
